
Microsoft Visual Studio Solution File, Format Version 12.00
# Visual Studio Version 17
VisualStudioVersion = 17.8.34330.188
MinimumVisualStudioVersion = 10.0.40219.1
Project("{FAE04EC0-301F-11D3-BF4B-00C04F79EFBC}") = "Examination System", "Examination System.csproj", "{1BBEF9DE-B2FA-41C1-BCC0-0AAA54377B4E}"
EndProject
Global
	GlobalSection(SolutionConfigurationPlatforms) = preSolution
		Debug|Any CPU = Debug|Any CPU
		Release|Any CPU = Release|Any CPU
	EndGlobalSection
	GlobalSection(ProjectConfigurationPlatforms) = postSolution
		{1BBEF9DE-B2FA-41C1-BCC0-0AAA54377B4E}.Debug|Any CPU.ActiveCfg = Debug|Any CPU
		{1BBEF9DE-B2FA-41C1-BCC0-0AAA54377B4E}.Debug|Any CPU.Build.0 = Debug|Any CPU
		{1BBEF9DE-B2FA-41C1-BCC0-0AAA54377B4E}.Release|Any CPU.ActiveCfg = Release|Any CPU
		{1BBEF9DE-B2FA-41C1-BCC0-0AAA54377B4E}.Release|Any CPU.Build.0 = Release|Any CPU
	EndGlobalSection
	GlobalSection(SolutionProperties) = preSolution
		HideSolutionNode = FALSE
	EndGlobalSection
	GlobalSection(ExtensibilityGlobals) = postSolution
		SolutionGuid = {1A624982-4930-459C-9A05-FB8D5D186B96}
	EndGlobalSection
EndGlobal
